
Microsoft Visual Studio Solution File, Format Version 12.00
# Visual Studio Version 16
VisualStudioVersion = 16.0.29102.190
MinimumVisualStudioVersion = 10.0.40219.1
Project("{8BC9CEB8-8B4A-11D0-8D11-00A0C91BC942}") = "2019717动态规划", "ConsoleApplication2\ConsoleApplication2.vcxproj", "{72BA9E4A-8590-4328-8275-C9786762AC89}"
EndProject
Project("{8BC9CEB8-8B4A-11D0-8D11-00A0C91BC942}") = "20190718最长字符串序列问题", "20190718最长字符串序列问题\20190718最长字符串序列问题.vcxproj", "{1AAD5A21-B807-433A-8C13-410C999554C2}"
EndProject
Project("{8BC9CEB8-8B4A-11D0-8D11-00A0C91BC942}") = "2019719leetcode贪心算法", "2019719贪心算法\2019719贪心算法.vcxproj", "{C9256185-DFC3-40DB-9C59-ECD7B900620D}"
EndProject
Project("{8BC9CEB8-8B4A-11D0-8D11-00A0C91BC942}") = "test", "test\test.vcxproj", "{48DC44A7-3AF2-4586-93D4-90838687814C}"
EndProject
Project("{8BC9CEB8-8B4A-11D0-8D11-00A0C91BC942}") = "2019秋招笔试", "腾讯2019秋招笔试\腾讯2019秋招笔试.vcxproj", "{4100FC4A-5633-4EAF-96C8-E3891E38B83D}"
EndProject
Project("{8BC9CEB8-8B4A-11D0-8D11-00A0C91BC942}") = "京东", "京东\京东.vcxproj", "{0E1A8E85-A122-4EE5-9FEF-5BC2AFAFFF25}"
EndProject
Project("{8BC9CEB8-8B4A-11D0-8D11-00A0C91BC942}") = "网易", "网易\网易.vcxproj", "{D84F63A5-340D-4865-808C-2263F8F0FDA0}"
EndProject
Project("{8BC9CEB8-8B4A-11D0-8D11-00A0C91BC942}") = "backpack", "backpack\backpack.vcxproj", "{A128337B-65C9-4FD0-95C6-4A7960254B07}"
EndProject
Project("{8BC9CEB8-8B4A-11D0-8D11-00A0C91BC942}") = "字节跳动", "字节跳动\字节跳动.vcxproj", "{EC0F3C00-40DA-4E58-ACBB-35E510B0BED7}"
EndProject
Project("{8BC9CEB8-8B4A-11D0-8D11-00A0C91BC942}") = "八题", "八题\八题.vcxproj", "{D2C544C5-649A-47C0-8C64-C137CDA42EDA}"
EndProject
Project("{8BC9CEB8-8B4A-11D0-8D11-00A0C91BC942}") = "thread", "thread\thread.vcxproj", "{E3BC8953-EF4C-48BB-B26F-28DAC6B45C62}"
EndProject
Project("{8BC9CEB8-8B4A-11D0-8D11-00A0C91BC942}") = "zuoyebang", "zuoyebang\zuoyebang.vcxproj", "{BACD632E-F6EA-4064-B541-251918AFA4D3}"
EndProject
Project("{8BC9CEB8-8B4A-11D0-8D11-00A0C91BC942}") = "Huaweidisanti", "Huaweidisanti\Huaweidisanti.vcxproj", "{F28F11E1-97F9-4571-ACF7-9855815002E3}"
EndProject
Project("{8BC9CEB8-8B4A-11D0-8D11-00A0C91BC942}") = "360", "360\360.vcxproj", "{ADBBE794-2582-418A-8823-C16A63A0192B}"
EndProject
Project("{8BC9CEB8-8B4A-11D0-8D11-00A0C91BC942}") = "程序员代码面试指南", "程序员代码面试指南\程序员代码面试指南.vcxproj", "{178D7AEC-D67A-460C-9BEF-5B1E8ADA3ABA}"
EndProject
Project("{8BC9CEB8-8B4A-11D0-8D11-00A0C91BC942}") = "神赐数据", "神赐数据\神赐数据.vcxproj", "{57FAA95A-AC08-47E6-9C6F-B27C8876D903}"
EndProject
Project("{8BC9CEB8-8B4A-11D0-8D11-00A0C91BC942}") = "huffmantree", "huffmantree\huffmantree.vcxproj", "{EE60B35F-903F-4905-A26F-787EB7F865FF}"
EndProject
Project("{8BC9CEB8-8B4A-11D0-8D11-00A0C91BC942}") = "美团", "美团\美团.vcxproj", "{0D0671B9-44D0-412D-B469-504BF6D01856}"
EndProject
Project("{8BC9CEB8-8B4A-11D0-8D11-00A0C91BC942}") = "辅导", "辅导\辅导.vcxproj", "{62822538-CA50-47B3-897C-0AE695C0AE2B}"
EndProject
Project("{8BC9CEB8-8B4A-11D0-8D11-00A0C91BC942}") = "京东面试", "京东面试\京东面试.vcxproj", "{46C78574-F47C-4A88-9F18-59E7DCFDB5BF}"
EndProject
Project("{8BC9CEB8-8B4A-11D0-8D11-00A0C91BC942}") = "byterdance", "byterdance\byterdance.vcxproj", "{F544CC71-63F0-4A7D-AC03-FAA99446C26C}"
EndProject
Project("{8BC9CEB8-8B4A-11D0-8D11-00A0C91BC942}") = "Leetcode", "Leetcode\Leetcode.vcxproj", "{0F752207-FE26-451A-B719-C1950419E086}"
EndProject
Project("{8BC9CEB8-8B4A-11D0-8D11-00A0C91BC942}") = "didi", "didi\didi.vcxproj", "{76E4EC19-6E68-4FDE-BA5F-0E760B0A9EA5}"
EndProject
Project("{8BC9CEB8-8B4A-11D0-8D11-00A0C91BC942}") = "远景科技", "远景科技\远景科技.vcxproj", "{A1F5C0AD-A607-4647-B458-75B1E53465D2}"
EndProject
Project("{8BC9CEB8-8B4A-11D0-8D11-00A0C91BC942}") = "tencent", "tencent\tencent.vcxproj", "{91BC51E9-C1E4-4D7D-8DC3-02DBDEE2B3B4}"
EndProject
Project("{8BC9CEB8-8B4A-11D0-8D11-00A0C91BC942}") = "alibaba", "alibaba\alibaba.vcxproj", "{3D53E884-3BEA-4778-B321-E8CC7B7B3B3E}"
EndProject
Project("{8BC9CEB8-8B4A-11D0-8D11-00A0C91BC942}") = "LRU caache", "LRU caache\LRU caache.vcxproj", "{A10C68CD-C029-42FF-883F-E322FB3FC73C}"
EndProject
Project("{8BC9CEB8-8B4A-11D0-8D11-00A0C91BC942}") = "PDD", "PDD\PDD.vcxproj", "{EF15E5E2-4C42-4FDC-9F31-48AC917079C3}"
EndProject
Project("{8BC9CEB8-8B4A-11D0-8D11-00A0C91BC942}") = "华为研发", "华为研发\华为研发.vcxproj", "{BAAFF04A-0429-4B2F-B419-2B8B0AC7C4A8}"
EndProject
Project("{8BC9CEB8-8B4A-11D0-8D11-00A0C91BC942}") = "haoweilai", "haoweilai\haoweilai.vcxproj", "{CC1398FD-5FB9-4DFB-84CF-B47AF4C7B9F7}"
EndProject
Project("{8BC9CEB8-8B4A-11D0-8D11-00A0C91BC942}") = "zhongxing", "zhongxing\zhongxing.vcxproj", "{DE343FE0-24F5-49DC-A030-B2370E0A58AB}"
EndProject
Project("{8BC9CEB8-8B4A-11D0-8D11-00A0C91BC942}") = "xiaohongshu", "xiaohongshu\xiaohongshu.vcxproj", "{C77D5414-0128-4A18-804C-95ACD8B5E25D}"
EndProject
Project("{8BC9CEB8-8B4A-11D0-8D11-00A0C91BC942}") = "排序问题", "排序问题\排序问题.vcxproj", "{1D4FC473-08E0-4621-A8D3-742DFEF9A8BB}"
EndProject
Project("{8BC9CEB8-8B4A-11D0-8D11-00A0C91BC942}") = "二叉树", "二叉树\二叉树.vcxproj", "{0A2B8213-56DF-4105-9713-1523F1FEEB4C}"
EndProject
Project("{8BC9CEB8-8B4A-11D0-8D11-00A0C91BC942}") = "Graph", "Graph\Graph.vcxproj", "{C6E71E70-6669-467F-8A8B-22C522531E20}"
EndProject
Project("{8BC9CEB8-8B4A-11D0-8D11-00A0C91BC942}") = "cvte", "cvte\cvte.vcxproj", "{0F29C4E8-A48C-42D6-AFFA-74F98559800E}"
EndProject
Project("{8BC9CEB8-8B4A-11D0-8D11-00A0C91BC942}") = "网易游戏2020", "网易游戏2020\网易游戏2020.vcxproj", "{EE15B9AC-C9A0-415F-B031-7D39AF196F67}"
EndProject
Project("{8BC9CEB8-8B4A-11D0-8D11-00A0C91BC942}") = "盛趣", "盛趣\盛趣.vcxproj", "{7E64A812-2C43-4471-9AE8-296750D1CB34}"
EndProject
Project("{8BC9CEB8-8B4A-11D0-8D11-00A0C91BC942}") = "云从科技", "云从科技\云从科技.vcxproj", "{BCCF098B-748C-4309-9752-9A9E52DA8442}"
EndProject
Global
	GlobalSection(SolutionConfigurationPlatforms) = preSolution
		Debug|x64 = Debug|x64
		Debug|x86 = Debug|x86
		Release|x64 = Release|x64
		Release|x86 = Release|x86
	EndGlobalSection
	GlobalSection(ProjectConfigurationPlatforms) = postSolution
		{72BA9E4A-8590-4328-8275-C9786762AC89}.Debug|x64.ActiveCfg = Debug|x64
		{72BA9E4A-8590-4328-8275-C9786762AC89}.Debug|x64.Build.0 = Debug|x64
		{72BA9E4A-8590-4328-8275-C9786762AC89}.Debug|x86.ActiveCfg = Debug|Win32
		{72BA9E4A-8590-4328-8275-C9786762AC89}.Debug|x86.Build.0 = Debug|Win32
		{72BA9E4A-8590-4328-8275-C9786762AC89}.Release|x64.ActiveCfg = Release|x64
		{72BA9E4A-8590-4328-8275-C9786762AC89}.Release|x64.Build.0 = Release|x64
		{72BA9E4A-8590-4328-8275-C9786762AC89}.Release|x86.ActiveCfg = Release|Win32
		{72BA9E4A-8590-4328-8275-C9786762AC89}.Release|x86.Build.0 = Release|Win32
		{1AAD5A21-B807-433A-8C13-410C999554C2}.Debug|x64.ActiveCfg = Debug|x64
		{1AAD5A21-B807-433A-8C13-410C999554C2}.Debug|x64.Build.0 = Debug|x64
		{1AAD5A21-B807-433A-8C13-410C999554C2}.Debug|x86.ActiveCfg = Debug|Win32
		{1AAD5A21-B807-433A-8C13-410C999554C2}.Debug|x86.Build.0 = Debug|Win32
		{1AAD5A21-B807-433A-8C13-410C999554C2}.Release|x64.ActiveCfg = Release|x64
		{1AAD5A21-B807-433A-8C13-410C999554C2}.Release|x64.Build.0 = Release|x64
		{1AAD5A21-B807-433A-8C13-410C999554C2}.Release|x86.ActiveCfg = Release|Win32
		{1AAD5A21-B807-433A-8C13-410C999554C2}.Release|x86.Build.0 = Release|Win32
		{C9256185-DFC3-40DB-9C59-ECD7B900620D}.Debug|x64.ActiveCfg = Debug|x64
		{C9256185-DFC3-40DB-9C59-ECD7B900620D}.Debug|x64.Build.0 = Debug|x64
		{C9256185-DFC3-40DB-9C59-ECD7B900620D}.Debug|x86.ActiveCfg = Debug|Win32
		{C9256185-DFC3-40DB-9C59-ECD7B900620D}.Debug|x86.Build.0 = Debug|Win32
		{C9256185-DFC3-40DB-9C59-ECD7B900620D}.Release|x64.ActiveCfg = Release|x64
		{C9256185-DFC3-40DB-9C59-ECD7B900620D}.Release|x64.Build.0 = Release|x64
		{C9256185-DFC3-40DB-9C59-ECD7B900620D}.Release|x86.ActiveCfg = Release|Win32
		{C9256185-DFC3-40DB-9C59-ECD7B900620D}.Release|x86.Build.0 = Release|Win32
		{48DC44A7-3AF2-4586-93D4-90838687814C}.Debug|x64.ActiveCfg = Debug|x64
		{48DC44A7-3AF2-4586-93D4-90838687814C}.Debug|x64.Build.0 = Debug|x64
		{48DC44A7-3AF2-4586-93D4-90838687814C}.Debug|x86.ActiveCfg = Debug|Win32
		{48DC44A7-3AF2-4586-93D4-90838687814C}.Debug|x86.Build.0 = Debug|Win32
		{48DC44A7-3AF2-4586-93D4-90838687814C}.Release|x64.ActiveCfg = Release|x64
		{48DC44A7-3AF2-4586-93D4-90838687814C}.Release|x64.Build.0 = Release|x64
		{48DC44A7-3AF2-4586-93D4-90838687814C}.Release|x86.ActiveCfg = Release|Win32
		{48DC44A7-3AF2-4586-93D4-90838687814C}.Release|x86.Build.0 = Release|Win32
		{4100FC4A-5633-4EAF-96C8-E3891E38B83D}.Debug|x64.ActiveCfg = Debug|x64
		{4100FC4A-5633-4EAF-96C8-E3891E38B83D}.Debug|x64.Build.0 = Debug|x64
		{4100FC4A-5633-4EAF-96C8-E3891E38B83D}.Debug|x86.ActiveCfg = Debug|Win32
		{4100FC4A-5633-4EAF-96C8-E3891E38B83D}.Debug|x86.Build.0 = Debug|Win32
		{4100FC4A-5633-4EAF-96C8-E3891E38B83D}.Release|x64.ActiveCfg = Release|x64
		{4100FC4A-5633-4EAF-96C8-E3891E38B83D}.Release|x64.Build.0 = Release|x64
		{4100FC4A-5633-4EAF-96C8-E3891E38B83D}.Release|x86.ActiveCfg = Release|Win32
		{4100FC4A-5633-4EAF-96C8-E3891E38B83D}.Release|x86.Build.0 = Release|Win32
		{0E1A8E85-A122-4EE5-9FEF-5BC2AFAFFF25}.Debug|x64.ActiveCfg = Debug|x64
		{0E1A8E85-A122-4EE5-9FEF-5BC2AFAFFF25}.Debug|x64.Build.0 = Debug|x64
		{0E1A8E85-A122-4EE5-9FEF-5BC2AFAFFF25}.Debug|x86.ActiveCfg = Debug|Win32
		{0E1A8E85-A122-4EE5-9FEF-5BC2AFAFFF25}.Debug|x86.Build.0 = Debug|Win32
		{0E1A8E85-A122-4EE5-9FEF-5BC2AFAFFF25}.Release|x64.ActiveCfg = Release|x64
		{0E1A8E85-A122-4EE5-9FEF-5BC2AFAFFF25}.Release|x64.Build.0 = Release|x64
		{0E1A8E85-A122-4EE5-9FEF-5BC2AFAFFF25}.Release|x86.ActiveCfg = Release|Win32
		{0E1A8E85-A122-4EE5-9FEF-5BC2AFAFFF25}.Release|x86.Build.0 = Release|Win32
		{D84F63A5-340D-4865-808C-2263F8F0FDA0}.Debug|x64.ActiveCfg = Debug|x64
		{D84F63A5-340D-4865-808C-2263F8F0FDA0}.Debug|x64.Build.0 = Debug|x64
		{D84F63A5-340D-4865-808C-2263F8F0FDA0}.Debug|x86.ActiveCfg = Debug|Win32
		{D84F63A5-340D-4865-808C-2263F8F0FDA0}.Debug|x86.Build.0 = Debug|Win32
		{D84F63A5-340D-4865-808C-2263F8F0FDA0}.Release|x64.ActiveCfg = Release|x64
		{D84F63A5-340D-4865-808C-2263F8F0FDA0}.Release|x64.Build.0 = Release|x64
		{D84F63A5-340D-4865-808C-2263F8F0FDA0}.Release|x86.ActiveCfg = Release|Win32
		{D84F63A5-340D-4865-808C-2263F8F0FDA0}.Release|x86.Build.0 = Release|Win32
		{A128337B-65C9-4FD0-95C6-4A7960254B07}.Debug|x64.ActiveCfg = Debug|x64
		{A128337B-65C9-4FD0-95C6-4A7960254B07}.Debug|x64.Build.0 = Debug|x64
		{A128337B-65C9-4FD0-95C6-4A7960254B07}.Debug|x86.ActiveCfg = Debug|Win32
		{A128337B-65C9-4FD0-95C6-4A7960254B07}.Debug|x86.Build.0 = Debug|Win32
		{A128337B-65C9-4FD0-95C6-4A7960254B07}.Release|x64.ActiveCfg = Release|x64
		{A128337B-65C9-4FD0-95C6-4A7960254B07}.Release|x64.Build.0 = Release|x64
		{A128337B-65C9-4FD0-95C6-4A7960254B07}.Release|x86.ActiveCfg = Release|Win32
		{A128337B-65C9-4FD0-95C6-4A7960254B07}.Release|x86.Build.0 = Release|Win32
		{EC0F3C00-40DA-4E58-ACBB-35E510B0BED7}.Debug|x64.ActiveCfg = Debug|x64
		{EC0F3C00-40DA-4E58-ACBB-35E510B0BED7}.Debug|x64.Build.0 = Debug|x64
		{EC0F3C00-40DA-4E58-ACBB-35E510B0BED7}.Debug|x86.ActiveCfg = Debug|Win32
		{EC0F3C00-40DA-4E58-ACBB-35E510B0BED7}.Debug|x86.Build.0 = Debug|Win32
		{EC0F3C00-40DA-4E58-ACBB-35E510B0BED7}.Release|x64.ActiveCfg = Release|x64
		{EC0F3C00-40DA-4E58-ACBB-35E510B0BED7}.Release|x64.Build.0 = Release|x64
		{EC0F3C00-40DA-4E58-ACBB-35E510B0BED7}.Release|x86.ActiveCfg = Release|Win32
		{EC0F3C00-40DA-4E58-ACBB-35E510B0BED7}.Release|x86.Build.0 = Release|Win32
		{D2C544C5-649A-47C0-8C64-C137CDA42EDA}.Debug|x64.ActiveCfg = Debug|x64
		{D2C544C5-649A-47C0-8C64-C137CDA42EDA}.Debug|x64.Build.0 = Debug|x64
		{D2C544C5-649A-47C0-8C64-C137CDA42EDA}.Debug|x86.ActiveCfg = Debug|Win32
		{D2C544C5-649A-47C0-8C64-C137CDA42EDA}.Debug|x86.Build.0 = Debug|Win32
		{D2C544C5-649A-47C0-8C64-C137CDA42EDA}.Release|x64.ActiveCfg = Release|x64
		{D2C544C5-649A-47C0-8C64-C137CDA42EDA}.Release|x64.Build.0 = Release|x64
		{D2C544C5-649A-47C0-8C64-C137CDA42EDA}.Release|x86.ActiveCfg = Release|Win32
		{D2C544C5-649A-47C0-8C64-C137CDA42EDA}.Release|x86.Build.0 = Release|Win32
		{E3BC8953-EF4C-48BB-B26F-28DAC6B45C62}.Debug|x64.ActiveCfg = Debug|x64
		{E3BC8953-EF4C-48BB-B26F-28DAC6B45C62}.Debug|x64.Build.0 = Debug|x64
		{E3BC8953-EF4C-48BB-B26F-28DAC6B45C62}.Debug|x86.ActiveCfg = Debug|Win32
		{E3BC8953-EF4C-48BB-B26F-28DAC6B45C62}.Debug|x86.Build.0 = Debug|Win32
		{E3BC8953-EF4C-48BB-B26F-28DAC6B45C62}.Release|x64.ActiveCfg = Release|x64
		{E3BC8953-EF4C-48BB-B26F-28DAC6B45C62}.Release|x64.Build.0 = Release|x64
		{E3BC8953-EF4C-48BB-B26F-28DAC6B45C62}.Release|x86.ActiveCfg = Release|Win32
		{E3BC8953-EF4C-48BB-B26F-28DAC6B45C62}.Release|x86.Build.0 = Release|Win32
		{BACD632E-F6EA-4064-B541-251918AFA4D3}.Debug|x64.ActiveCfg = Debug|x64
		{BACD632E-F6EA-4064-B541-251918AFA4D3}.Debug|x64.Build.0 = Debug|x64
		{BACD632E-F6EA-4064-B541-251918AFA4D3}.Debug|x86.ActiveCfg = Debug|Win32
		{BACD632E-F6EA-4064-B541-251918AFA4D3}.Debug|x86.Build.0 = Debug|Win32
		{BACD632E-F6EA-4064-B541-251918AFA4D3}.Release|x64.ActiveCfg = Release|x64
		{BACD632E-F6EA-4064-B541-251918AFA4D3}.Release|x64.Build.0 = Release|x64
		{BACD632E-F6EA-4064-B541-251918AFA4D3}.Release|x86.ActiveCfg = Release|Win32
		{BACD632E-F6EA-4064-B541-251918AFA4D3}.Release|x86.Build.0 = Release|Win32
		{F28F11E1-97F9-4571-ACF7-9855815002E3}.Debug|x64.ActiveCfg = Debug|x64
		{F28F11E1-97F9-4571-ACF7-9855815002E3}.Debug|x64.Build.0 = Debug|x64
		{F28F11E1-97F9-4571-ACF7-9855815002E3}.Debug|x86.ActiveCfg = Debug|Win32
		{F28F11E1-97F9-4571-ACF7-9855815002E3}.Debug|x86.Build.0 = Debug|Win32
		{F28F11E1-97F9-4571-ACF7-9855815002E3}.Release|x64.ActiveCfg = Release|x64
		{F28F11E1-97F9-4571-ACF7-9855815002E3}.Release|x64.Build.0 = Release|x64
		{F28F11E1-97F9-4571-ACF7-9855815002E3}.Release|x86.ActiveCfg = Release|Win32
		{F28F11E1-97F9-4571-ACF7-9855815002E3}.Release|x86.Build.0 = Release|Win32
		{ADBBE794-2582-418A-8823-C16A63A0192B}.Debug|x64.ActiveCfg = Debug|x64
		{ADBBE794-2582-418A-8823-C16A63A0192B}.Debug|x64.Build.0 = Debug|x64
		{ADBBE794-2582-418A-8823-C16A63A0192B}.Debug|x86.ActiveCfg = Debug|Win32
		{ADBBE794-2582-418A-8823-C16A63A0192B}.Debug|x86.Build.0 = Debug|Win32
		{ADBBE794-2582-418A-8823-C16A63A0192B}.Release|x64.ActiveCfg = Release|x64
		{ADBBE794-2582-418A-8823-C16A63A0192B}.Release|x64.Build.0 = Release|x64
		{ADBBE794-2582-418A-8823-C16A63A0192B}.Release|x86.ActiveCfg = Release|Win32
		{ADBBE794-2582-418A-8823-C16A63A0192B}.Release|x86.Build.0 = Release|Win32
		{178D7AEC-D67A-460C-9BEF-5B1E8ADA3ABA}.Debug|x64.ActiveCfg = Debug|x64
		{178D7AEC-D67A-460C-9BEF-5B1E8ADA3ABA}.Debug|x64.Build.0 = Debug|x64
		{178D7AEC-D67A-460C-9BEF-5B1E8ADA3ABA}.Debug|x86.ActiveCfg = Debug|Win32
		{178D7AEC-D67A-460C-9BEF-5B1E8ADA3ABA}.Debug|x86.Build.0 = Debug|Win32
		{178D7AEC-D67A-460C-9BEF-5B1E8ADA3ABA}.Release|x64.ActiveCfg = Release|x64
		{178D7AEC-D67A-460C-9BEF-5B1E8ADA3ABA}.Release|x64.Build.0 = Release|x64
		{178D7AEC-D67A-460C-9BEF-5B1E8ADA3ABA}.Release|x86.ActiveCfg = Release|Win32
		{178D7AEC-D67A-460C-9BEF-5B1E8ADA3ABA}.Release|x86.Build.0 = Release|Win32
		{57FAA95A-AC08-47E6-9C6F-B27C8876D903}.Debug|x64.ActiveCfg = Debug|x64
		{57FAA95A-AC08-47E6-9C6F-B27C8876D903}.Debug|x64.Build.0 = Debug|x64
		{57FAA95A-AC08-47E6-9C6F-B27C8876D903}.Debug|x86.ActiveCfg = Debug|Win32
		{57FAA95A-AC08-47E6-9C6F-B27C8876D903}.Debug|x86.Build.0 = Debug|Win32
		{57FAA95A-AC08-47E6-9C6F-B27C8876D903}.Release|x64.ActiveCfg = Release|x64
		{57FAA95A-AC08-47E6-9C6F-B27C8876D903}.Release|x64.Build.0 = Release|x64
		{57FAA95A-AC08-47E6-9C6F-B27C8876D903}.Release|x86.ActiveCfg = Release|Win32
		{57FAA95A-AC08-47E6-9C6F-B27C8876D903}.Release|x86.Build.0 = Release|Win32
		{EE60B35F-903F-4905-A26F-787EB7F865FF}.Debug|x64.ActiveCfg = Debug|x64
		{EE60B35F-903F-4905-A26F-787EB7F865FF}.Debug|x64.Build.0 = Debug|x64
		{EE60B35F-903F-4905-A26F-787EB7F865FF}.Debug|x86.ActiveCfg = Debug|Win32
		{EE60B35F-903F-4905-A26F-787EB7F865FF}.Debug|x86.Build.0 = Debug|Win32
		{EE60B35F-903F-4905-A26F-787EB7F865FF}.Release|x64.ActiveCfg = Release|x64
		{EE60B35F-903F-4905-A26F-787EB7F865FF}.Release|x64.Build.0 = Release|x64
		{EE60B35F-903F-4905-A26F-787EB7F865FF}.Release|x86.ActiveCfg = Release|Win32
		{EE60B35F-903F-4905-A26F-787EB7F865FF}.Release|x86.Build.0 = Release|Win32
		{0D0671B9-44D0-412D-B469-504BF6D01856}.Debug|x64.ActiveCfg = Debug|x64
		{0D0671B9-44D0-412D-B469-504BF6D01856}.Debug|x64.Build.0 = Debug|x64
		{0D0671B9-44D0-412D-B469-504BF6D01856}.Debug|x86.ActiveCfg = Debug|Win32
		{0D0671B9-44D0-412D-B469-504BF6D01856}.Debug|x86.Build.0 = Debug|Win32
		{0D0671B9-44D0-412D-B469-504BF6D01856}.Release|x64.ActiveCfg = Release|x64
		{0D0671B9-44D0-412D-B469-504BF6D01856}.Release|x64.Build.0 = Release|x64
		{0D0671B9-44D0-412D-B469-504BF6D01856}.Release|x86.ActiveCfg = Release|Win32
		{0D0671B9-44D0-412D-B469-504BF6D01856}.Release|x86.Build.0 = Release|Win32
		{62822538-CA50-47B3-897C-0AE695C0AE2B}.Debug|x64.ActiveCfg = Debug|x64
		{62822538-CA50-47B3-897C-0AE695C0AE2B}.Debug|x64.Build.0 = Debug|x64
		{62822538-CA50-47B3-897C-0AE695C0AE2B}.Debug|x86.ActiveCfg = Debug|Win32
		{62822538-CA50-47B3-897C-0AE695C0AE2B}.Debug|x86.Build.0 = Debug|Win32
		{62822538-CA50-47B3-897C-0AE695C0AE2B}.Release|x64.ActiveCfg = Release|x64
		{62822538-CA50-47B3-897C-0AE695C0AE2B}.Release|x64.Build.0 = Release|x64
		{62822538-CA50-47B3-897C-0AE695C0AE2B}.Release|x86.ActiveCfg = Release|Win32
		{62822538-CA50-47B3-897C-0AE695C0AE2B}.Release|x86.Build.0 = Release|Win32
		{46C78574-F47C-4A88-9F18-59E7DCFDB5BF}.Debug|x64.ActiveCfg = Debug|x64
		{46C78574-F47C-4A88-9F18-59E7DCFDB5BF}.Debug|x64.Build.0 = Debug|x64
		{46C78574-F47C-4A88-9F18-59E7DCFDB5BF}.Debug|x86.ActiveCfg = Debug|Win32
		{46C78574-F47C-4A88-9F18-59E7DCFDB5BF}.Debug|x86.Build.0 = Debug|Win32
		{46C78574-F47C-4A88-9F18-59E7DCFDB5BF}.Release|x64.ActiveCfg = Release|x64
		{46C78574-F47C-4A88-9F18-59E7DCFDB5BF}.Release|x64.Build.0 = Release|x64
		{46C78574-F47C-4A88-9F18-59E7DCFDB5BF}.Release|x86.ActiveCfg = Release|Win32
		{46C78574-F47C-4A88-9F18-59E7DCFDB5BF}.Release|x86.Build.0 = Release|Win32
		{F544CC71-63F0-4A7D-AC03-FAA99446C26C}.Debug|x64.ActiveCfg = Debug|x64
		{F544CC71-63F0-4A7D-AC03-FAA99446C26C}.Debug|x64.Build.0 = Debug|x64
		{F544CC71-63F0-4A7D-AC03-FAA99446C26C}.Debug|x86.ActiveCfg = Debug|Win32
		{F544CC71-63F0-4A7D-AC03-FAA99446C26C}.Debug|x86.Build.0 = Debug|Win32
		{F544CC71-63F0-4A7D-AC03-FAA99446C26C}.Release|x64.ActiveCfg = Release|x64
		{F544CC71-63F0-4A7D-AC03-FAA99446C26C}.Release|x64.Build.0 = Release|x64
		{F544CC71-63F0-4A7D-AC03-FAA99446C26C}.Release|x86.ActiveCfg = Release|Win32
		{F544CC71-63F0-4A7D-AC03-FAA99446C26C}.Release|x86.Build.0 = Release|Win32
		{0F752207-FE26-451A-B719-C1950419E086}.Debug|x64.ActiveCfg = Debug|x64
		{0F752207-FE26-451A-B719-C1950419E086}.Debug|x64.Build.0 = Debug|x64
		{0F752207-FE26-451A-B719-C1950419E086}.Debug|x86.ActiveCfg = Debug|Win32
		{0F752207-FE26-451A-B719-C1950419E086}.Debug|x86.Build.0 = Debug|Win32
		{0F752207-FE26-451A-B719-C1950419E086}.Release|x64.ActiveCfg = Release|x64
		{0F752207-FE26-451A-B719-C1950419E086}.Release|x64.Build.0 = Release|x64
		{0F752207-FE26-451A-B719-C1950419E086}.Release|x86.ActiveCfg = Release|Win32
		{0F752207-FE26-451A-B719-C1950419E086}.Release|x86.Build.0 = Release|Win32
		{76E4EC19-6E68-4FDE-BA5F-0E760B0A9EA5}.Debug|x64.ActiveCfg = Debug|x64
		{76E4EC19-6E68-4FDE-BA5F-0E760B0A9EA5}.Debug|x64.Build.0 = Debug|x64
		{76E4EC19-6E68-4FDE-BA5F-0E760B0A9EA5}.Debug|x86.ActiveCfg = Debug|Win32
		{76E4EC19-6E68-4FDE-BA5F-0E760B0A9EA5}.Debug|x86.Build.0 = Debug|Win32
		{76E4EC19-6E68-4FDE-BA5F-0E760B0A9EA5}.Release|x64.ActiveCfg = Release|x64
		{76E4EC19-6E68-4FDE-BA5F-0E760B0A9EA5}.Release|x64.Build.0 = Release|x64
		{76E4EC19-6E68-4FDE-BA5F-0E760B0A9EA5}.Release|x86.ActiveCfg = Release|Win32
		{76E4EC19-6E68-4FDE-BA5F-0E760B0A9EA5}.Release|x86.Build.0 = Release|Win32
		{A1F5C0AD-A607-4647-B458-75B1E53465D2}.Debug|x64.ActiveCfg = Debug|x64
		{A1F5C0AD-A607-4647-B458-75B1E53465D2}.Debug|x64.Build.0 = Debug|x64
		{A1F5C0AD-A607-4647-B458-75B1E53465D2}.Debug|x86.ActiveCfg = Debug|Win32
		{A1F5C0AD-A607-4647-B458-75B1E53465D2}.Debug|x86.Build.0 = Debug|Win32
		{A1F5C0AD-A607-4647-B458-75B1E53465D2}.Release|x64.ActiveCfg = Release|x64
		{A1F5C0AD-A607-4647-B458-75B1E53465D2}.Release|x64.Build.0 = Release|x64
		{A1F5C0AD-A607-4647-B458-75B1E53465D2}.Release|x86.ActiveCfg = Release|Win32
		{A1F5C0AD-A607-4647-B458-75B1E53465D2}.Release|x86.Build.0 = Release|Win32
		{91BC51E9-C1E4-4D7D-8DC3-02DBDEE2B3B4}.Debug|x64.ActiveCfg = Debug|x64
		{91BC51E9-C1E4-4D7D-8DC3-02DBDEE2B3B4}.Debug|x64.Build.0 = Debug|x64
		{91BC51E9-C1E4-4D7D-8DC3-02DBDEE2B3B4}.Debug|x86.ActiveCfg = Debug|Win32
		{91BC51E9-C1E4-4D7D-8DC3-02DBDEE2B3B4}.Debug|x86.Build.0 = Debug|Win32
		{91BC51E9-C1E4-4D7D-8DC3-02DBDEE2B3B4}.Release|x64.ActiveCfg = Release|x64
		{91BC51E9-C1E4-4D7D-8DC3-02DBDEE2B3B4}.Release|x64.Build.0 = Release|x64
		{91BC51E9-C1E4-4D7D-8DC3-02DBDEE2B3B4}.Release|x86.ActiveCfg = Release|Win32
		{91BC51E9-C1E4-4D7D-8DC3-02DBDEE2B3B4}.Release|x86.Build.0 = Release|Win32
		{3D53E884-3BEA-4778-B321-E8CC7B7B3B3E}.Debug|x64.ActiveCfg = Debug|x64
		{3D53E884-3BEA-4778-B321-E8CC7B7B3B3E}.Debug|x64.Build.0 = Debug|x64
		{3D53E884-3BEA-4778-B321-E8CC7B7B3B3E}.Debug|x86.ActiveCfg = Debug|Win32
		{3D53E884-3BEA-4778-B321-E8CC7B7B3B3E}.Debug|x86.Build.0 = Debug|Win32
		{3D53E884-3BEA-4778-B321-E8CC7B7B3B3E}.Release|x64.ActiveCfg = Release|x64
		{3D53E884-3BEA-4778-B321-E8CC7B7B3B3E}.Release|x64.Build.0 = Release|x64
		{3D53E884-3BEA-4778-B321-E8CC7B7B3B3E}.Release|x86.ActiveCfg = Release|Win32
		{3D53E884-3BEA-4778-B321-E8CC7B7B3B3E}.Release|x86.Build.0 = Release|Win32
		{A10C68CD-C029-42FF-883F-E322FB3FC73C}.Debug|x64.ActiveCfg = Debug|x64
		{A10C68CD-C029-42FF-883F-E322FB3FC73C}.Debug|x64.Build.0 = Debug|x64
		{A10C68CD-C029-42FF-883F-E322FB3FC73C}.Debug|x86.ActiveCfg = Debug|Win32
		{A10C68CD-C029-42FF-883F-E322FB3FC73C}.Debug|x86.Build.0 = Debug|Win32
		{A10C68CD-C029-42FF-883F-E322FB3FC73C}.Release|x64.ActiveCfg = Release|x64
		{A10C68CD-C029-42FF-883F-E322FB3FC73C}.Release|x64.Build.0 = Release|x64
		{A10C68CD-C029-42FF-883F-E322FB3FC73C}.Release|x86.ActiveCfg = Release|Win32
		{A10C68CD-C029-42FF-883F-E322FB3FC73C}.Release|x86.Build.0 = Release|Win32
		{EF15E5E2-4C42-4FDC-9F31-48AC917079C3}.Debug|x64.ActiveCfg = Debug|x64
		{EF15E5E2-4C42-4FDC-9F31-48AC917079C3}.Debug|x64.Build.0 = Debug|x64
		{EF15E5E2-4C42-4FDC-9F31-48AC917079C3}.Debug|x86.ActiveCfg = Debug|Win32
		{EF15E5E2-4C42-4FDC-9F31-48AC917079C3}.Debug|x86.Build.0 = Debug|Win32
		{EF15E5E2-4C42-4FDC-9F31-48AC917079C3}.Release|x64.ActiveCfg = Release|x64
		{EF15E5E2-4C42-4FDC-9F31-48AC917079C3}.Release|x64.Build.0 = Release|x64
		{EF15E5E2-4C42-4FDC-9F31-48AC917079C3}.Release|x86.ActiveCfg = Release|Win32
		{EF15E5E2-4C42-4FDC-9F31-48AC917079C3}.Release|x86.Build.0 = Release|Win32
		{BAAFF04A-0429-4B2F-B419-2B8B0AC7C4A8}.Debug|x64.ActiveCfg = Debug|x64
		{BAAFF04A-0429-4B2F-B419-2B8B0AC7C4A8}.Debug|x64.Build.0 = Debug|x64
		{BAAFF04A-0429-4B2F-B419-2B8B0AC7C4A8}.Debug|x86.ActiveCfg = Debug|Win32
		{BAAFF04A-0429-4B2F-B419-2B8B0AC7C4A8}.Debug|x86.Build.0 = Debug|Win32
		{BAAFF04A-0429-4B2F-B419-2B8B0AC7C4A8}.Release|x64.ActiveCfg = Release|x64
		{BAAFF04A-0429-4B2F-B419-2B8B0AC7C4A8}.Release|x64.Build.0 = Release|x64
		{BAAFF04A-0429-4B2F-B419-2B8B0AC7C4A8}.Release|x86.ActiveCfg = Release|Win32
		{BAAFF04A-0429-4B2F-B419-2B8B0AC7C4A8}.Release|x86.Build.0 = Release|Win32
		{CC1398FD-5FB9-4DFB-84CF-B47AF4C7B9F7}.Debug|x64.ActiveCfg = Debug|x64
		{CC1398FD-5FB9-4DFB-84CF-B47AF4C7B9F7}.Debug|x64.Build.0 = Debug|x64
		{CC1398FD-5FB9-4DFB-84CF-B47AF4C7B9F7}.Debug|x86.ActiveCfg = Debug|Win32
		{CC1398FD-5FB9-4DFB-84CF-B47AF4C7B9F7}.Debug|x86.Build.0 = Debug|Win32
		{CC1398FD-5FB9-4DFB-84CF-B47AF4C7B9F7}.Release|x64.ActiveCfg = Release|x64
		{CC1398FD-5FB9-4DFB-84CF-B47AF4C7B9F7}.Release|x64.Build.0 = Release|x64
		{CC1398FD-5FB9-4DFB-84CF-B47AF4C7B9F7}.Release|x86.ActiveCfg = Release|Win32
		{CC1398FD-5FB9-4DFB-84CF-B47AF4C7B9F7}.Release|x86.Build.0 = Release|Win32
		{DE343FE0-24F5-49DC-A030-B2370E0A58AB}.Debug|x64.ActiveCfg = Debug|x64
		{DE343FE0-24F5-49DC-A030-B2370E0A58AB}.Debug|x64.Build.0 = Debug|x64
		{DE343FE0-24F5-49DC-A030-B2370E0A58AB}.Debug|x86.ActiveCfg = Debug|Win32
		{DE343FE0-24F5-49DC-A030-B2370E0A58AB}.Debug|x86.Build.0 = Debug|Win32
		{DE343FE0-24F5-49DC-A030-B2370E0A58AB}.Release|x64.ActiveCfg = Release|x64
		{DE343FE0-24F5-49DC-A030-B2370E0A58AB}.Release|x64.Build.0 = Release|x64
		{DE343FE0-24F5-49DC-A030-B2370E0A58AB}.Release|x86.ActiveCfg = Release|Win32
		{DE343FE0-24F5-49DC-A030-B2370E0A58AB}.Release|x86.Build.0 = Release|Win32
		{C77D5414-0128-4A18-804C-95ACD8B5E25D}.Debug|x64.ActiveCfg = Debug|x64
		{C77D5414-0128-4A18-804C-95ACD8B5E25D}.Debug|x64.Build.0 = Debug|x64
		{C77D5414-0128-4A18-804C-95ACD8B5E25D}.Debug|x86.ActiveCfg = Debug|Win32
		{C77D5414-0128-4A18-804C-95ACD8B5E25D}.Debug|x86.Build.0 = Debug|Win32
		{C77D5414-0128-4A18-804C-95ACD8B5E25D}.Release|x64.ActiveCfg = Release|x64
		{C77D5414-0128-4A18-804C-95ACD8B5E25D}.Release|x64.Build.0 = Release|x64
		{C77D5414-0128-4A18-804C-95ACD8B5E25D}.Release|x86.ActiveCfg = Release|Win32
		{C77D5414-0128-4A18-804C-95ACD8B5E25D}.Release|x86.Build.0 = Release|Win32
		{1D4FC473-08E0-4621-A8D3-742DFEF9A8BB}.Debug|x64.ActiveCfg = Debug|x64
		{1D4FC473-08E0-4621-A8D3-742DFEF9A8BB}.Debug|x64.Build.0 = Debug|x64
		{1D4FC473-08E0-4621-A8D3-742DFEF9A8BB}.Debug|x86.ActiveCfg = Debug|Win32
		{1D4FC473-08E0-4621-A8D3-742DFEF9A8BB}.Debug|x86.Build.0 = Debug|Win32
		{1D4FC473-08E0-4621-A8D3-742DFEF9A8BB}.Release|x64.ActiveCfg = Release|x64
		{1D4FC473-08E0-4621-A8D3-742DFEF9A8BB}.Release|x64.Build.0 = Release|x64
		{1D4FC473-08E0-4621-A8D3-742DFEF9A8BB}.Release|x86.ActiveCfg = Release|Win32
		{1D4FC473-08E0-4621-A8D3-742DFEF9A8BB}.Release|x86.Build.0 = Release|Win32
		{0A2B8213-56DF-4105-9713-1523F1FEEB4C}.Debug|x64.ActiveCfg = Debug|x64
		{0A2B8213-56DF-4105-9713-1523F1FEEB4C}.Debug|x64.Build.0 = Debug|x64
		{0A2B8213-56DF-4105-9713-1523F1FEEB4C}.Debug|x86.ActiveCfg = Debug|Win32
		{0A2B8213-56DF-4105-9713-1523F1FEEB4C}.Debug|x86.Build.0 = Debug|Win32
		{0A2B8213-56DF-4105-9713-1523F1FEEB4C}.Release|x64.ActiveCfg = Release|x64
		{0A2B8213-56DF-4105-9713-1523F1FEEB4C}.Release|x64.Build.0 = Release|x64
		{0A2B8213-56DF-4105-9713-1523F1FEEB4C}.Release|x86.ActiveCfg = Release|Win32
		{0A2B8213-56DF-4105-9713-1523F1FEEB4C}.Release|x86.Build.0 = Release|Win32
		{C6E71E70-6669-467F-8A8B-22C522531E20}.Debug|x64.ActiveCfg = Debug|x64
		{C6E71E70-6669-467F-8A8B-22C522531E20}.Debug|x64.Build.0 = Debug|x64
		{C6E71E70-6669-467F-8A8B-22C522531E20}.Debug|x86.ActiveCfg = Debug|Win32
		{C6E71E70-6669-467F-8A8B-22C522531E20}.Debug|x86.Build.0 = Debug|Win32
		{C6E71E70-6669-467F-8A8B-22C522531E20}.Release|x64.ActiveCfg = Release|x64
		{C6E71E70-6669-467F-8A8B-22C522531E20}.Release|x64.Build.0 = Release|x64
		{C6E71E70-6669-467F-8A8B-22C522531E20}.Release|x86.ActiveCfg = Release|Win32
		{C6E71E70-6669-467F-8A8B-22C522531E20}.Release|x86.Build.0 = Release|Win32
		{0F29C4E8-A48C-42D6-AFFA-74F98559800E}.Debug|x64.ActiveCfg = Debug|x64
		{0F29C4E8-A48C-42D6-AFFA-74F98559800E}.Debug|x64.Build.0 = Debug|x64
		{0F29C4E8-A48C-42D6-AFFA-74F98559800E}.Debug|x86.ActiveCfg = Debug|Win32
		{0F29C4E8-A48C-42D6-AFFA-74F98559800E}.Debug|x86.Build.0 = Debug|Win32
		{0F29C4E8-A48C-42D6-AFFA-74F98559800E}.Release|x64.ActiveCfg = Release|x64
		{0F29C4E8-A48C-42D6-AFFA-74F98559800E}.Release|x64.Build.0 = Release|x64
		{0F29C4E8-A48C-42D6-AFFA-74F98559800E}.Release|x86.ActiveCfg = Release|Win32
		{0F29C4E8-A48C-42D6-AFFA-74F98559800E}.Release|x86.Build.0 = Release|Win32
		{EE15B9AC-C9A0-415F-B031-7D39AF196F67}.Debug|x64.ActiveCfg = Debug|x64
		{EE15B9AC-C9A0-415F-B031-7D39AF196F67}.Debug|x64.Build.0 = Debug|x64
		{EE15B9AC-C9A0-415F-B031-7D39AF196F67}.Debug|x86.ActiveCfg = Debug|Win32
		{EE15B9AC-C9A0-415F-B031-7D39AF196F67}.Debug|x86.Build.0 = Debug|Win32
		{EE15B9AC-C9A0-415F-B031-7D39AF196F67}.Release|x64.ActiveCfg = Release|x64
		{EE15B9AC-C9A0-415F-B031-7D39AF196F67}.Release|x64.Build.0 = Release|x64
		{EE15B9AC-C9A0-415F-B031-7D39AF196F67}.Release|x86.ActiveCfg = Release|Win32
		{EE15B9AC-C9A0-415F-B031-7D39AF196F67}.Release|x86.Build.0 = Release|Win32
		{7E64A812-2C43-4471-9AE8-296750D1CB34}.Debug|x64.ActiveCfg = Debug|x64
		{7E64A812-2C43-4471-9AE8-296750D1CB34}.Debug|x64.Build.0 = Debug|x64
		{7E64A812-2C43-4471-9AE8-296750D1CB34}.Debug|x86.ActiveCfg = Debug|Win32
		{7E64A812-2C43-4471-9AE8-296750D1CB34}.Debug|x86.Build.0 = Debug|Win32
		{7E64A812-2C43-4471-9AE8-296750D1CB34}.Release|x64.ActiveCfg = Release|x64
		{7E64A812-2C43-4471-9AE8-296750D1CB34}.Release|x64.Build.0 = Release|x64
		{7E64A812-2C43-4471-9AE8-296750D1CB34}.Release|x86.ActiveCfg = Release|Win32
		{7E64A812-2C43-4471-9AE8-296750D1CB34}.Release|x86.Build.0 = Release|Win32
		{BCCF098B-748C-4309-9752-9A9E52DA8442}.Debug|x64.ActiveCfg = Debug|x64
		{BCCF098B-748C-4309-9752-9A9E52DA8442}.Debug|x64.Build.0 = Debug|x64
		{BCCF098B-748C-4309-9752-9A9E52DA8442}.Debug|x86.ActiveCfg = Debug|Win32
		{BCCF098B-748C-4309-9752-9A9E52DA8442}.Debug|x86.Build.0 = Debug|Win32
		{BCCF098B-748C-4309-9752-9A9E52DA8442}.Release|x64.ActiveCfg = Release|x64
		{BCCF098B-748C-4309-9752-9A9E52DA8442}.Release|x64.Build.0 = Release|x64
		{BCCF098B-748C-4309-9752-9A9E52DA8442}.Release|x86.ActiveCfg = Release|Win32
		{BCCF098B-748C-4309-9752-9A9E52DA8442}.Release|x86.Build.0 = Release|Win32
	EndGlobalSection
	GlobalSection(SolutionProperties) = preSolution
		HideSolutionNode = FALSE
	EndGlobalSection
	GlobalSection(ExtensibilityGlobals) = postSolution
		SolutionGuid = {A98BABE7-CB4A-49CD-8A08-0474F988D637}
	EndGlobalSection
EndGlobal
