
Microsoft Visual Studio Solution File, Format Version 12.00
# Visual Studio 15
VisualStudioVersion = 15.0.28010.2050
MinimumVisualStudioVersion = 10.0.40219.1
Project("{8BC9CEB8-8B4A-11D0-8D11-00A0C91BC942}") = "cingetlinecingetline", "cingetlinecingetline\cingetlinecingetline.vcxproj", "{25E7E8A1-BCCA-4586-BC86-AC5C8A9A990D}"
EndProject
Global
	GlobalSection(SolutionConfigurationPlatforms) = preSolution
		Debug|x64 = Debug|x64
		Debug|x86 = Debug|x86
		Release|x64 = Release|x64
		Release|x86 = Release|x86
	EndGlobalSection
	GlobalSection(ProjectConfigurationPlatforms) = postSolution
		{25E7E8A1-BCCA-4586-BC86-AC5C8A9A990D}.Debug|x64.ActiveCfg = Debug|x64
		{25E7E8A1-BCCA-4586-BC86-AC5C8A9A990D}.Debug|x64.Build.0 = Debug|x64
		{25E7E8A1-BCCA-4586-BC86-AC5C8A9A990D}.Debug|x86.ActiveCfg = Debug|Win32
		{25E7E8A1-BCCA-4586-BC86-AC5C8A9A990D}.Debug|x86.Build.0 = Debug|Win32
		{25E7E8A1-BCCA-4586-BC86-AC5C8A9A990D}.Release|x64.ActiveCfg = Release|x64
		{25E7E8A1-BCCA-4586-BC86-AC5C8A9A990D}.Release|x64.Build.0 = Release|x64
		{25E7E8A1-BCCA-4586-BC86-AC5C8A9A990D}.Release|x86.ActiveCfg = Release|Win32
		{25E7E8A1-BCCA-4586-BC86-AC5C8A9A990D}.Release|x86.Build.0 = Release|Win32
	EndGlobalSection
	GlobalSection(SolutionProperties) = preSolution
		HideSolutionNode = FALSE
	EndGlobalSection
	GlobalSection(ExtensibilityGlobals) = postSolution
		SolutionGuid = {37E91D33-0A8E-486A-AA63-D1C6403EA399}
	EndGlobalSection
EndGlobal
